
Microsoft Visual Studio Solution File, Format Version 11.00
# Visual Studio 2010
# SharpDevelop 5.1
Project("{FAE04EC0-301F-11D3-BF4B-00C04F79EFBC}") = "yılan", "yılan\yılan.csproj", "{B09E1C32-FCA8-44F3-A299-9A6B07F758A5}"
EndProject
Global
	GlobalSection(SolutionConfigurationPlatforms) = preSolution
		Debug|Any CPU = Debug|Any CPU
		Release|Any CPU = Release|Any CPU
	EndGlobalSection
	GlobalSection(ProjectConfigurationPlatforms) = postSolution
		{B09E1C32-FCA8-44F3-A299-9A6B07F758A5}.Debug|Any CPU.ActiveCfg = Debug|Any CPU
		{B09E1C32-FCA8-44F3-A299-9A6B07F758A5}.Debug|Any CPU.Build.0 = Debug|Any CPU
		{B09E1C32-FCA8-44F3-A299-9A6B07F758A5}.Release|Any CPU.ActiveCfg = Release|Any CPU
		{B09E1C32-FCA8-44F3-A299-9A6B07F758A5}.Release|Any CPU.Build.0 = Release|Any CPU
	EndGlobalSection
EndGlobal
